// !$*UTF8*$!
{
	archiveVersion = 1;
	classes = {
	};
	objectVersion = 55;
	objects = {

/* Begin PBXBuildFile section */
		4D2ACA1A27EA16B600FFA69D /* RoundedButtonStyle.swift in Sources */ = {isa = PBXBuildFile; fileRef = 4D2ACA1927EA16B600FFA69D /* RoundedButtonStyle.swift */; };
		4D2ACA1B27EA16B600FFA69D /* RoundedButtonStyle.swift in Sources */ = {isa = PBXBuildFile; fileRef = 4D2ACA1927EA16B600FFA69D /* RoundedButtonStyle.swift */; };
		4D2BBEB627F783E9007C40E1 /* TrackerView.swift in Sources */ = {isa = PBXBuildFile; fileRef = 4D2BBEB527F783E9007C40E1 /* TrackerView.swift */; };
		4D2BBEB727F783E9007C40E1 /* TrackerView.swift in Sources */ = {isa = PBXBuildFile; fileRef = 4D2BBEB527F783E9007C40E1 /* TrackerView.swift */; };
		4D7B85C327F766470065C470 /* SlideMenu.swift in Sources */ = {isa = PBXBuildFile; fileRef = 4D7B85C227F766470065C470 /* SlideMenu.swift */; };
		4D7B85C427F766470065C470 /* SlideMenu.swift in Sources */ = {isa = PBXBuildFile; fileRef = 4D7B85C227F766470065C470 /* SlideMenu.swift */; };
		4DBC82DD27EE4E61004DF5ED /* info.plist in Resources */ = {isa = PBXBuildFile; fileRef = 4DBC82DC27EE4E61004DF5ED /* info.plist */; };
		4DBC82DE27EE4E61004DF5ED /* info.plist in Resources */ = {isa = PBXBuildFile; fileRef = 4DBC82DC27EE4E61004DF5ED /* info.plist */; };
		4DCCF7D727E8DE5700627B0D /* Tests_iOS.swift in Sources */ = {isa = PBXBuildFile; fileRef = 4DCCF7D627E8DE5700627B0D /* Tests_iOS.swift */; };
		4DCCF7D927E8DE5700627B0D /* Tests_iOSLaunchTests.swift in Sources */ = {isa = PBXBuildFile; fileRef = 4DCCF7D827E8DE5700627B0D /* Tests_iOSLaunchTests.swift */; };
		4DCCF7E327E8DE5700627B0D /* Tests_macOS.swift in Sources */ = {isa = PBXBuildFile; fileRef = 4DCCF7E227E8DE5700627B0D /* Tests_macOS.swift */; };
		4DCCF7E527E8DE5700627B0D /* Tests_macOSLaunchTests.swift in Sources */ = {isa = PBXBuildFile; fileRef = 4DCCF7E427E8DE5700627B0D /* Tests_macOSLaunchTests.swift */; };
		4DCCF7E627E8DE5700627B0D /* OsMoApp.swift in Sources */ = {isa = PBXBuildFile; fileRef = 4DCCF7BE27E8DE5300627B0D /* OsMoApp.swift */; };
		4DCCF7E727E8DE5700627B0D /* OsMoApp.swift in Sources */ = {isa = PBXBuildFile; fileRef = 4DCCF7BE27E8DE5300627B0D /* OsMoApp.swift */; };
		4DCCF7E827E8DE5700627B0D /* ContentView.swift in Sources */ = {isa = PBXBuildFile; fileRef = 4DCCF7BF27E8DE5300627B0D /* ContentView.swift */; };
		4DCCF7E927E8DE5700627B0D /* ContentView.swift in Sources */ = {isa = PBXBuildFile; fileRef = 4DCCF7BF27E8DE5300627B0D /* ContentView.swift */; };
		4DCCF7EA27E8DE5700627B0D /* Assets.xcassets in Resources */ = {isa = PBXBuildFile; fileRef = 4DCCF7C027E8DE5600627B0D /* Assets.xcassets */; };
		4DCCF7EB27E8DE5700627B0D /* Assets.xcassets in Resources */ = {isa = PBXBuildFile; fileRef = 4DCCF7C027E8DE5600627B0D /* Assets.xcassets */; };
		4DCFFB2C27EB60AD00BC6BCD /* SendingManager.swift in Sources */ = {isa = PBXBuildFile; fileRef = 4DCFFB2B27EB60AD00BC6BCD /* SendingManager.swift */; };
		4DCFFB2D27EB60AD00BC6BCD /* SendingManager.swift in Sources */ = {isa = PBXBuildFile; fileRef = 4DCFFB2B27EB60AD00BC6BCD /* SendingManager.swift */; };
		4DF0BF2D27ECA406003DA48E /* MapView.swift in Sources */ = {isa = PBXBuildFile; fileRef = 4DF0BF2C27ECA406003DA48E /* MapView.swift */; };
		4DF0BF2E27ECA406003DA48E /* MapView.swift in Sources */ = {isa = PBXBuildFile; fileRef = 4DF0BF2C27ECA406003DA48E /* MapView.swift */; };
/* End PBXBuildFile section */

/* Begin PBXContainerItemProxy section */
		4DCCF7D327E8DE5700627B0D /* PBXContainerItemProxy */ = {
			isa = PBXContainerItemProxy;
			containerPortal = 4DCCF7B927E8DE5300627B0D /* Project object */;
			proxyType = 1;
			remoteGlobalIDString = 4DCCF7C427E8DE5600627B0D;
			remoteInfo = "OsMo (iOS)";
		};
		4DCCF7DF27E8DE5700627B0D /* PBXContainerItemProxy */ = {
			isa = PBXContainerItemProxy;
			containerPortal = 4DCCF7B927E8DE5300627B0D /* Project object */;
			proxyType = 1;
			remoteGlobalIDString = 4DCCF7CA27E8DE5600627B0D;
			remoteInfo = "OsMo (macOS)";
		};
/* End PBXContainerItemProxy section */

/* Begin PBXFileReference section */
		4D2ACA1927EA16B600FFA69D /* RoundedButtonStyle.swift */ = {isa = PBXFileReference; lastKnownFileType = sourcecode.swift; path = RoundedButtonStyle.swift; sourceTree = "<group>"; };
		4D2BBEB527F783E9007C40E1 /* TrackerView.swift */ = {isa = PBXFileReference; lastKnownFileType = sourcecode.swift; path = TrackerView.swift; sourceTree = "<group>"; };
		4D7B85C227F766470065C470 /* SlideMenu.swift */ = {isa = PBXFileReference; lastKnownFileType = sourcecode.swift; path = SlideMenu.swift; sourceTree = "<group>"; };
		4DBC82DC27EE4E61004DF5ED /* info.plist */ = {isa = PBXFileReference; lastKnownFileType = text.plist.xml; path = info.plist; sourceTree = "<group>"; };
		4DCCF7BE27E8DE5300627B0D /* OsMoApp.swift */ = {isa = PBXFileReference; lastKnownFileType = sourcecode.swift; path = OsMoApp.swift; sourceTree = "<group>"; };
		4DCCF7BF27E8DE5300627B0D /* ContentView.swift */ = {isa = PBXFileReference; lastKnownFileType = sourcecode.swift; path = ContentView.swift; sourceTree = "<group>"; };
		4DCCF7C027E8DE5600627B0D /* Assets.xcassets */ = {isa = PBXFileReference; lastKnownFileType = folder.assetcatalog; path = Assets.xcassets; sourceTree = "<group>"; };
		4DCCF7C527E8DE5600627B0D /* OsMo.app */ = {isa = PBXFileReference; explicitFileType = wrapper.application; includeInIndex = 0; path = OsMo.app; sourceTree = BUILT_PRODUCTS_DIR; };
		4DCCF7CB27E8DE5600627B0D /* OsMo.app */ = {isa = PBXFileReference; explicitFileType = wrapper.application; includeInIndex = 0; path = OsMo.app; sourceTree = BUILT_PRODUCTS_DIR; };
		4DCCF7CD27E8DE5600627B0D /* macOS.entitlements */ = {isa = PBXFileReference; lastKnownFileType = text.plist.entitlements; path = macOS.entitlements; sourceTree = "<group>"; };
		4DCCF7D227E8DE5700627B0D /* Tests iOS.xctest */ = {isa = PBXFileReference; explicitFileType = wrapper.cfbundle; includeInIndex = 0; path = "Tests iOS.xctest"; sourceTree = BUILT_PRODUCTS_DIR; };
		4DCCF7D627E8DE5700627B0D /* Tests_iOS.swift */ = {isa = PBXFileReference; lastKnownFileType = sourcecode.swift; path = Tests_iOS.swift; sourceTree = "<group>"; };
		4DCCF7D827E8DE5700627B0D /* Tests_iOSLaunchTests.swift */ = {isa = PBXFileReference; lastKnownFileType = sourcecode.swift; path = Tests_iOSLaunchTests.swift; sourceTree = "<group>"; };
		4DCCF7DE27E8DE5700627B0D /* Tests macOS.xctest */ = {isa = PBXFileReference; explicitFileType = wrapper.cfbundle; includeInIndex = 0; path = "Tests macOS.xctest"; sourceTree = BUILT_PRODUCTS_DIR; };
		4DCCF7E227E8DE5700627B0D /* Tests_macOS.swift */ = {isa = PBXFileReference; lastKnownFileType = sourcecode.swift; path = Tests_macOS.swift; sourceTree = "<group>"; };
		4DCCF7E427E8DE5700627B0D /* Tests_macOSLaunchTests.swift */ = {isa = PBXFileReference; lastKnownFileType = sourcecode.swift; path = Tests_macOSLaunchTests.swift; sourceTree = "<group>"; };
		4DCFFB2B27EB60AD00BC6BCD /* SendingManager.swift */ = {isa = PBXFileReference; lastKnownFileType = sourcecode.swift; path = SendingManager.swift; sourceTree = "<group>"; };
		4DF0BF2C27ECA406003DA48E /* MapView.swift */ = {isa = PBXFileReference; lastKnownFileType = sourcecode.swift; path = MapView.swift; sourceTree = "<group>"; };
/* End PBXFileReference section */

/* Begin PBXFrameworksBuildPhase section */
		4DCCF7C227E8DE5600627B0D /* Frameworks */ = {
			isa = PBXFrameworksBuildPhase;
			buildActionMask = 2147483647;
			files = (
			);
			runOnlyForDeploymentPostprocessing = 0;
		};
		4DCCF7C827E8DE5600627B0D /* Frameworks */ = {
			isa = PBXFrameworksBuildPhase;
			buildActionMask = 2147483647;
			files = (
			);
			runOnlyForDeploymentPostprocessing = 0;
		};
		4DCCF7CF27E8DE5700627B0D /* Frameworks */ = {
			isa = PBXFrameworksBuildPhase;
			buildActionMask = 2147483647;
			files = (
			);
			runOnlyForDeploymentPostprocessing = 0;
		};
		4DCCF7DB27E8DE5700627B0D /* Frameworks */ = {
			isa = PBXFrameworksBuildPhase;
			buildActionMask = 2147483647;
			files = (
			);
			runOnlyForDeploymentPostprocessing = 0;
		};
/* End PBXFrameworksBuildPhase section */

/* Begin PBXGroup section */
		4DCCF7B827E8DE5300627B0D = {
			isa = PBXGroup;
			children = (
				4DBC82DC27EE4E61004DF5ED /* info.plist */,
				4DCCF7BD27E8DE5300627B0D /* Shared */,
				4DCCF7CC27E8DE5600627B0D /* macOS */,
				4DCCF7D527E8DE5700627B0D /* Tests iOS */,
				4DCCF7E127E8DE5700627B0D /* Tests macOS */,
				4DCCF7C627E8DE5600627B0D /* Products */,
			);
			sourceTree = "<group>";
		};
		4DCCF7BD27E8DE5300627B0D /* Shared */ = {
			isa = PBXGroup;
			children = (
				4DCFFB2A27EB605200BC6BCD /* Views */,
				4DCFFB2B27EB60AD00BC6BCD /* SendingManager.swift */,
				4DCCF7BE27E8DE5300627B0D /* OsMoApp.swift */,
				4DCCF7C027E8DE5600627B0D /* Assets.xcassets */,
			);
			path = Shared;
			sourceTree = "<group>";
		};
		4DCCF7C627E8DE5600627B0D /* Products */ = {
			isa = PBXGroup;
			children = (
				4DCCF7C527E8DE5600627B0D /* OsMo.app */,
				4DCCF7CB27E8DE5600627B0D /* OsMo.app */,
				4DCCF7D227E8DE5700627B0D /* Tests iOS.xctest */,
				4DCCF7DE27E8DE5700627B0D /* Tests macOS.xctest */,
			);
			name = Products;
			sourceTree = "<group>";
		};
		4DCCF7CC27E8DE5600627B0D /* macOS */ = {
			isa = PBXGroup;
			children = (
				4DCCF7CD27E8DE5600627B0D /* macOS.entitlements */,
			);
			path = macOS;
			sourceTree = "<group>";
		};
		4DCCF7D527E8DE5700627B0D /* Tests iOS */ = {
			isa = PBXGroup;
			children = (
				4DCCF7D627E8DE5700627B0D /* Tests_iOS.swift */,
				4DCCF7D827E8DE5700627B0D /* Tests_iOSLaunchTests.swift */,
			);
			path = "Tests iOS";
			sourceTree = "<group>";
		};
		4DCCF7E127E8DE5700627B0D /* Tests macOS */ = {
			isa = PBXGroup;
			children = (
				4DCCF7E227E8DE5700627B0D /* Tests_macOS.swift */,
				4DCCF7E427E8DE5700627B0D /* Tests_macOSLaunchTests.swift */,
			);
			path = "Tests macOS";
			sourceTree = "<group>";
		};
		4DCFFB2A27EB605200BC6BCD /* Views */ = {
			isa = PBXGroup;
			children = (
				4DCCF7BF27E8DE5300627B0D /* ContentView.swift */,
				4D7B85C227F766470065C470 /* SlideMenu.swift */,
				4D2ACA1927EA16B600FFA69D /* RoundedButtonStyle.swift */,
				4D2BBEB527F783E9007C40E1 /* TrackerView.swift */,
				4DF0BF2C27ECA406003DA48E /* MapView.swift */,
			);
			path = Views;
			sourceTree = "<group>";
		};
/* End PBXGroup section */

/* Begin PBXNativeTarget section */
		4DCCF7C427E8DE5600627B0D /* OsMo (iOS) */ = {
			isa = PBXNativeTarget;
			buildConfigurationList = 4DCCF7EE27E8DE5700627B0D /* Build configuration list for PBXNativeTarget "OsMo (iOS)" */;
			buildPhases = (
				4DCCF7C127E8DE5600627B0D /* Sources */,
				4DCCF7C227E8DE5600627B0D /* Frameworks */,
				4DCCF7C327E8DE5600627B0D /* Resources */,
			);
			buildRules = (
			);
			dependencies = (
			);
			name = "OsMo (iOS)";
			productName = "OsMo (iOS)";
			productReference = 4DCCF7C527E8DE5600627B0D /* OsMo.app */;
			productType = "com.apple.product-type.application";
		};
		4DCCF7CA27E8DE5600627B0D /* OsMo (macOS) */ = {
			isa = PBXNativeTarget;
			buildConfigurationList = 4DCCF7F127E8DE5700627B0D /* Build configuration list for PBXNativeTarget "OsMo (macOS)" */;
			buildPhases = (
				4DCCF7C727E8DE5600627B0D /* Sources */,
				4DCCF7C827E8DE5600627B0D /* Frameworks */,
				4DCCF7C927E8DE5600627B0D /* Resources */,
			);
			buildRules = (
			);
			dependencies = (
			);
			name = "OsMo (macOS)";
			productName = "OsMo (macOS)";
			productReference = 4DCCF7CB27E8DE5600627B0D /* OsMo.app */;
			productType = "com.apple.product-type.application";
		};
		4DCCF7D127E8DE5700627B0D /* Tests iOS */ = {
			isa = PBXNativeTarget;
			buildConfigurationList = 4DCCF7F427E8DE5700627B0D /* Build configuration list for PBXNativeTarget "Tests iOS" */;
			buildPhases = (
				4DCCF7CE27E8DE5700627B0D /* Sources */,
				4DCCF7CF27E8DE5700627B0D /* Frameworks */,
				4DCCF7D027E8DE5700627B0D /* Resources */,
			);
			buildRules = (
			);
			dependencies = (
				4DCCF7D427E8DE5700627B0D /* PBXTargetDependency */,
			);
			name = "Tests iOS";
			productName = "Tests iOS";
			productReference = 4DCCF7D227E8DE5700627B0D /* Tests iOS.xctest */;
			productType = "com.apple.product-type.bundle.ui-testing";
		};
		4DCCF7DD27E8DE5700627B0D /* Tests macOS */ = {
			isa = PBXNativeTarget;
			buildConfigurationList = 4DCCF7F727E8DE5700627B0D /* Build configuration list for PBXNativeTarget "Tests macOS" */;
			buildPhases = (
				4DCCF7DA27E8DE5700627B0D /* Sources */,
				4DCCF7DB27E8DE5700627B0D /* Frameworks */,
				4DCCF7DC27E8DE5700627B0D /* Resources */,
			);
			buildRules = (
			);
			dependencies = (
				4DCCF7E027E8DE5700627B0D /* PBXTargetDependency */,
			);
			name = "Tests macOS";
			productName = "Tests macOS";
			productReference = 4DCCF7DE27E8DE5700627B0D /* Tests macOS.xctest */;
			productType = "com.apple.product-type.bundle.ui-testing";
		};
/* End PBXNativeTarget section */

/* Begin PBXProject section */
		4DCCF7B927E8DE5300627B0D /* Project object */ = {
			isa = PBXProject;
			attributes = {
				BuildIndependentTargetsInParallel = 1;
				LastSwiftUpdateCheck = 1330;
				LastUpgradeCheck = 1330;
				TargetAttributes = {
					4DCCF7C427E8DE5600627B0D = {
						CreatedOnToolsVersion = 13.3;
					};
					4DCCF7CA27E8DE5600627B0D = {
						CreatedOnToolsVersion = 13.3;
					};
					4DCCF7D127E8DE5700627B0D = {
						CreatedOnToolsVersion = 13.3;
						TestTargetID = 4DCCF7C427E8DE5600627B0D;
					};
					4DCCF7DD27E8DE5700627B0D = {
						CreatedOnToolsVersion = 13.3;
						TestTargetID = 4DCCF7CA27E8DE5600627B0D;
					};
				};
			};
			buildConfigurationList = 4DCCF7BC27E8DE5300627B0D /* Build configuration list for PBXProject "OsMo" */;
			compatibilityVersion = "Xcode 13.0";
			developmentRegion = en;
			hasScannedForEncodings = 0;
			knownRegions = (
				en,
				Base,
			);
			mainGroup = 4DCCF7B827E8DE5300627B0D;
			productRefGroup = 4DCCF7C627E8DE5600627B0D /* Products */;
			projectDirPath = "";
			projectRoot = "";
			targets = (
				4DCCF7C427E8DE5600627B0D /* OsMo (iOS) */,
				4DCCF7CA27E8DE5600627B0D /* OsMo (macOS) */,
				4DCCF7D127E8DE5700627B0D /* Tests iOS */,
				4DCCF7DD27E8DE5700627B0D /* Tests macOS */,
			);
		};
/* End PBXProject section */

/* Begin PBXResourcesBuildPhase section */
		4DCCF7C327E8DE5600627B0D /* Resources */ = {
			isa = PBXResourcesBuildPhase;
			buildActionMask = 2147483647;
			files = (
				4DBC82DD27EE4E61004DF5ED /* info.plist in Resources */,
				4DCCF7EA27E8DE5700627B0D /* Assets.xcassets in Resources */,
			);
			runOnlyForDeploymentPostprocessing = 0;
		};
		4DCCF7C927E8DE5600627B0D /* Resources */ = {
			isa = PBXResourcesBuildPhase;
			buildActionMask = 2147483647;
			files = (
				4DBC82DE27EE4E61004DF5ED /* info.plist in Resources */,
				4DCCF7EB27E8DE5700627B0D /* Assets.xcassets in Resources */,
			);
			runOnlyForDeploymentPostprocessing = 0;
		};
		4DCCF7D027E8DE5700627B0D /* Resources */ = {
			isa = PBXResourcesBuildPhase;
			buildActionMask = 2147483647;
			files = (
			);
			runOnlyForDeploymentPostprocessing = 0;
		};
		4DCCF7DC27E8DE5700627B0D /* Resources */ = {
			isa = PBXResourcesBuildPhase;
			buildActionMask = 2147483647;
			files = (
			);
			runOnlyForDeploymentPostprocessing = 0;
		};
/* End PBXResourcesBuildPhase section */

/* Begin PBXSourcesBuildPhase section */
		4DCCF7C127E8DE5600627B0D /* Sources */ = {
			isa = PBXSourcesBuildPhase;
			buildActionMask = 2147483647;
			files = (
				4DCCF7E827E8DE5700627B0D /* ContentView.swift in Sources */,
				4DCCF7E627E8DE5700627B0D /* OsMoApp.swift in Sources */,
				4DCFFB2C27EB60AD00BC6BCD /* SendingManager.swift in Sources */,
				4D2ACA1A27EA16B600FFA69D /* RoundedButtonStyle.swift in Sources */,
				4DF0BF2D27ECA406003DA48E /* MapView.swift in Sources */,
				4D2BBEB627F783E9007C40E1 /* TrackerView.swift in Sources */,
				4D7B85C327F766470065C470 /* SlideMenu.swift in Sources */,
			);
			runOnlyForDeploymentPostprocessing = 0;
		};
		4DCCF7C727E8DE5600627B0D /* Sources */ = {
			isa = PBXSourcesBuildPhase;
			buildActionMask = 2147483647;
			files = (
				4DCCF7E927E8DE5700627B0D /* ContentView.swift in Sources */,
				4DCCF7E727E8DE5700627B0D /* OsMoApp.swift in Sources */,
				4DCFFB2D27EB60AD00BC6BCD /* SendingManager.swift in Sources */,
				4D2ACA1B27EA16B600FFA69D /* RoundedButtonStyle.swift in Sources */,
				4DF0BF2E27ECA406003DA48E /* MapView.swift in Sources */,
				4D2BBEB727F783E9007C40E1 /* TrackerView.swift in Sources */,
				4D7B85C427F766470065C470 /* SlideMenu.swift in Sources */,
			);
			runOnlyForDeploymentPostprocessing = 0;
		};
		4DCCF7CE27E8DE5700627B0D /* Sources */ = {
			isa = PBXSourcesBuildPhase;
			buildActionMask = 2147483647;
			files = (
				4DCCF7D927E8DE5700627B0D /* Tests_iOSLaunchTests.swift in Sources */,
				4DCCF7D727E8DE5700627B0D /* Tests_iOS.swift in Sources */,
			);
			runOnlyForDeploymentPostprocessing = 0;
		};
		4DCCF7DA27E8DE5700627B0D /* Sources */ = {
			isa = PBXSourcesBuildPhase;
			buildActionMask = 2147483647;
			files = (
				4DCCF7E527E8DE5700627B0D /* Tests_macOSLaunchTests.swift in Sources */,
				4DCCF7E327E8DE5700627B0D /* Tests_macOS.swift in Sources */,
			);
			runOnlyForDeploymentPostprocessing = 0;
		};
/* End PBXSourcesBuildPhase section */

/* Begin PBXTargetDependency section */
		4DCCF7D427E8DE5700627B0D /* PBXTargetDependency */ = {
			isa = PBXTargetDependency;
			target = 4DCCF7C427E8DE5600627B0D /* OsMo (iOS) */;
			targetProxy = 4DCCF7D327E8DE5700627B0D /* PBXContainerItemProxy */;
		};
		4DCCF7E027E8DE5700627B0D /* PBXTargetDependency */ = {
			isa = PBXTargetDependency;
			target = 4DCCF7CA27E8DE5600627B0D /* OsMo (macOS) */;
			targetProxy = 4DCCF7DF27E8DE5700627B0D /* PBXContainerItemProxy */;
		};
/* End PBXTargetDependency section */

/* Begin XCBuildConfiguration section */
		4DCCF7EC27E8DE5700627B0D /* Debug */ = {
			isa = XCBuildConfiguration;
			buildSettings = {
				ALWAYS_SEARCH_USER_PATHS = NO;
				CLANG_ANALYZER_NONNULL = YES;
				CLANG_ANALYZER_NUMBER_OBJECT_CONVERSION = YES_AGGRESSIVE;
				CLANG_CXX_LANGUAGE_STANDARD = "gnu++17";
				CLANG_ENABLE_MODULES = YES;
				CLANG_ENABLE_OBJC_ARC = YES;
				CLANG_ENABLE_OBJC_WEAK = YES;
				CLANG_WARN_BLOCK_CAPTURE_AUTORELEASING = YES;
				CLANG_WARN_BOOL_CONVERSION = YES;
				CLANG_WARN_COMMA = YES;
				CLANG_WARN_CONSTANT_CONVERSION = YES;
				CLANG_WARN_DEPRECATED_OBJC_IMPLEMENTATIONS = YES;
				CLANG_WARN_DIRECT_OBJC_ISA_USAGE = YES_ERROR;
				CLANG_WARN_DOCUMENTATION_COMMENTS = YES;
				CLANG_WARN_EMPTY_BODY = YES;
				CLANG_WARN_ENUM_CONVERSION = YES;
				CLANG_WARN_INFINITE_RECURSION = YES;
				CLANG_WARN_INT_CONVERSION = YES;
				CLANG_WARN_NON_LITERAL_NULL_CONVERSION = YES;
				CLANG_WARN_OBJC_IMPLICIT_RETAIN_SELF = YES;
				CLANG_WARN_OBJC_LITERAL_CONVERSION = YES;
				CLANG_WARN_OBJC_ROOT_CLASS = YES_ERROR;
				CLANG_WARN_QUOTED_INCLUDE_IN_FRAMEWORK_HEADER = YES;
				CLANG_WARN_RANGE_LOOP_ANALYSIS = YES;
				CLANG_WARN_STRICT_PROTOTYPES = YES;
				CLANG_WARN_SUSPICIOUS_MOVE = YES;
				CLANG_WARN_UNGUARDED_AVAILABILITY = YES_AGGRESSIVE;
				CLANG_WARN_UNREACHABLE_CODE = YES;
				CLANG_WARN__DUPLICATE_METHOD_MATCH = YES;
				COPY_PHASE_STRIP = NO;
				DEBUG_INFORMATION_FORMAT = dwarf;
				ENABLE_STRICT_OBJC_MSGSEND = YES;
				ENABLE_TESTABILITY = YES;
				GCC_C_LANGUAGE_STANDARD = gnu11;
				GCC_DYNAMIC_NO_PIC = NO;
				GCC_NO_COMMON_BLOCKS = YES;
				GCC_OPTIMIZATION_LEVEL = 0;
				GCC_PREPROCESSOR_DEFINITIONS = (
					"DEBUG=1",
					"$(inherited)",
				);
				GCC_WARN_64_TO_32_BIT_CONVERSION = YES;
				GCC_WARN_ABOUT_RETURN_TYPE = YES_ERROR;
				GCC_WARN_UNDECLARED_SELECTOR = YES;
				GCC_WARN_UNINITIALIZED_AUTOS = YES_AGGRESSIVE;
				GCC_WARN_UNUSED_FUNCTION = YES;
				GCC_WARN_UNUSED_VARIABLE = YES;
				MTL_ENABLE_DEBUG_INFO = INCLUDE_SOURCE;
				MTL_FAST_MATH = YES;
				ONLY_ACTIVE_ARCH = YES;
				SWIFT_ACTIVE_COMPILATION_CONDITIONS = DEBUG;
				SWIFT_OPTIMIZATION_LEVEL = "-Onone";
			};
			name = Debug;
		};
		4DCCF7ED27E8DE5700627B0D /* Release */ = {
			isa = XCBuildConfiguration;
			buildSettings = {
				ALWAYS_SEARCH_USER_PATHS = NO;
				CLANG_ANALYZER_NONNULL = YES;
				CLANG_ANALYZER_NUMBER_OBJECT_CONVERSION = YES_AGGRESSIVE;
				CLANG_CXX_LANGUAGE_STANDARD = "gnu++17";
				CLANG_ENABLE_MODULES = YES;
				CLANG_ENABLE_OBJC_ARC = YES;
				CLANG_ENABLE_OBJC_WEAK = YES;
				CLANG_WARN_BLOCK_CAPTURE_AUTORELEASING = YES;
				CLANG_WARN_BOOL_CONVERSION = YES;
				CLANG_WARN_COMMA = YES;
				CLANG_WARN_CONSTANT_CONVERSION = YES;
				CLANG_WARN_DEPRECATED_OBJC_IMPLEMENTATIONS = YES;
				CLANG_WARN_DIRECT_OBJC_ISA_USAGE = YES_ERROR;
				CLANG_WARN_DOCUMENTATION_COMMENTS = YES;
				CLANG_WARN_EMPTY_BODY = YES;
				CLANG_WARN_ENUM_CONVERSION = YES;
				CLANG_WARN_INFINITE_RECURSION = YES;
				CLANG_WARN_INT_CONVERSION = YES;
				CLANG_WARN_NON_LITERAL_NULL_CONVERSION = YES;
				CLANG_WARN_OBJC_IMPLICIT_RETAIN_SELF = YES;
				CLANG_WARN_OBJC_LITERAL_CONVERSION = YES;
				CLANG_WARN_OBJC_ROOT_CLASS = YES_ERROR;
				CLANG_WARN_QUOTED_INCLUDE_IN_FRAMEWORK_HEADER = YES;
				CLANG_WARN_RANGE_LOOP_ANALYSIS = YES;
				CLANG_WARN_STRICT_PROTOTYPES = YES;
				CLANG_WARN_SUSPICIOUS_MOVE = YES;
				CLANG_WARN_UNGUARDED_AVAILABILITY = YES_AGGRESSIVE;
				CLANG_WARN_UNREACHABLE_CODE = YES;
				CLANG_WARN__DUPLICATE_METHOD_MATCH = YES;
				COPY_PHASE_STRIP = NO;
				DEBUG_INFORMATION_FORMAT = "dwarf-with-dsym";
				ENABLE_NS_ASSERTIONS = NO;
				ENABLE_STRICT_OBJC_MSGSEND = YES;
				GCC_C_LANGUAGE_STANDARD = gnu11;
				GCC_NO_COMMON_BLOCKS = YES;
				GCC_WARN_64_TO_32_BIT_CONVERSION = YES;
				GCC_WARN_ABOUT_RETURN_TYPE = YES_ERROR;
				GCC_WARN_UNDECLARED_SELECTOR = YES;
				GCC_WARN_UNINITIALIZED_AUTOS = YES_AGGRESSIVE;
				GCC_WARN_UNUSED_FUNCTION = YES;
				GCC_WARN_UNUSED_VARIABLE = YES;
				MTL_ENABLE_DEBUG_INFO = NO;
				MTL_FAST_MATH = YES;
				SWIFT_COMPILATION_MODE = wholemodule;
				SWIFT_OPTIMIZATION_LEVEL = "-O";
			};
			name = Release;
		};
		4DCCF7EF27E8DE5700627B0D /* Debug */ = {
			isa = XCBuildConfiguration;
			buildSettings = {
				ASSETCATALOG_COMPILER_APPICON_NAME = AppIcon;
				ASSETCATALOG_COMPILER_GLOBAL_ACCENT_COLOR_NAME = AccentColor;
				CODE_SIGN_STYLE = Automatic;
				CURRENT_PROJECT_VERSION = 2;
				DEVELOPMENT_TEAM = SF5DP65BZ4;
				ENABLE_PREVIEWS = YES;
				GENERATE_INFOPLIST_FILE = YES;
				INFOPLIST_KEY_UIApplicationSceneManifest_Generation = YES;
				INFOPLIST_KEY_UIApplicationSupportsIndirectInputEvents = YES;
				INFOPLIST_KEY_UILaunchScreen_Generation = YES;
				INFOPLIST_KEY_UISupportedInterfaceOrientations = UIInterfaceOrientationPortrait;
				INFOPLIST_KEY_UISupportedInterfaceOrientations_iPad = "UIInterfaceOrientationPortrait UIInterfaceOrientationPortraitUpsideDown UIInterfaceOrientationLandscapeLeft UIInterfaceOrientationLandscapeRight";
				INFOPLIST_KEY_UISupportedInterfaceOrientations_iPhone = "UIInterfaceOrientationPortrait UIInterfaceOrientationLandscapeLeft UIInterfaceOrientationLandscapeRight";
				IPHONEOS_DEPLOYMENT_TARGET = 14.0;
				LD_RUNPATH_SEARCH_PATHS = (
					"$(inherited)",
					"@executable_path/Frameworks",
				);
				MARKETING_VERSION = 1.0;
				PRODUCT_BUNDLE_IDENTIFIER = alexey.sirotkin.osmo;
				PRODUCT_NAME = OsMo;
				SDKROOT = iphoneos;
				SWIFT_EMIT_LOC_STRINGS = YES;
				SWIFT_VERSION = 5.0;
				TARGETED_DEVICE_FAMILY = "1,2";
			};
			name = Debug;
		};
		4DCCF7F027E8DE5700627B0D /* Release */ = {
			isa = XCBuildConfiguration;
			buildSettings = {
				ASSETCATALOG_COMPILER_APPICON_NAME = AppIcon;
				ASSETCATALOG_COMPILER_GLOBAL_ACCENT_COLOR_NAME = AccentColor;
				CODE_SIGN_STYLE = Automatic;
				CURRENT_PROJECT_VERSION = 2;
				DEVELOPMENT_TEAM = SF5DP65BZ4;
				ENABLE_PREVIEWS = YES;
				GENERATE_INFOPLIST_FILE = YES;
				INFOPLIST_KEY_UIApplicationSceneManifest_Generation = YES;
				INFOPLIST_KEY_UIApplicationSupportsIndirectInputEvents = YES;
				INFOPLIST_KEY_UILaunchScreen_Generation = YES;
				INFOPLIST_KEY_UISupportedInterfaceOrientations = UIInterfaceOrientationPortrait;
				INFOPLIST_KEY_UISupportedInterfaceOrientations_iPad = "UIInterfaceOrientationPortrait UIInterfaceOrientationPortraitUpsideDown UIInterfaceOrientationLandscapeLeft UIInterfaceOrientationLandscapeRight";
				INFOPLIST_KEY_UISupportedInterfaceOrientations_iPhone = "UIInterfaceOrientationPortrait UIInterfaceOrientationLandscapeLeft UIInterfaceOrientationLandscapeRight";
				IPHONEOS_DEPLOYMENT_TARGET = 14.0;
				LD_RUNPATH_SEARCH_PATHS = (
					"$(inherited)",
					"@executable_path/Frameworks",
				);
				MARKETING_VERSION = 1.0;
				PRODUCT_BUNDLE_IDENTIFIER = alexey.sirotkin.osmo;
				PRODUCT_NAME = OsMo;
				SDKROOT = iphoneos;
				SWIFT_EMIT_LOC_STRINGS = YES;
				SWIFT_VERSION = 5.0;
				TARGETED_DEVICE_FAMILY = "1,2";
				VALIDATE_PRODUCT = YES;
			};
			name = Release;
		};
		4DCCF7F227E8DE5700627B0D /* Debug */ = {
			isa = XCBuildConfiguration;
			buildSettings = {
				ASSETCATALOG_COMPILER_APPICON_NAME = AppIcon;
				ASSETCATALOG_COMPILER_GLOBAL_ACCENT_COLOR_NAME = AccentColor;
				CODE_SIGN_ENTITLEMENTS = macOS/macOS.entitlements;
				CODE_SIGN_STYLE = Automatic;
				COMBINE_HIDPI_IMAGES = YES;
				CURRENT_PROJECT_VERSION = 1;
				DEVELOPMENT_TEAM = SF5DP65BZ4;
				ENABLE_HARDENED_RUNTIME = YES;
				ENABLE_PREVIEWS = YES;
				GENERATE_INFOPLIST_FILE = YES;
				INFOPLIST_KEY_LSApplicationCategoryType = "public.app-category.navigation";
				INFOPLIST_KEY_NSHumanReadableCopyright = "";
				LD_RUNPATH_SEARCH_PATHS = (
					"$(inherited)",
					"@executable_path/../Frameworks",
				);
				MACOSX_DEPLOYMENT_TARGET = 12.3;
				MARKETING_VERSION = 1.0;
				PRODUCT_BUNDLE_IDENTIFIER = alexey.sirotkin.OsMo;
				PRODUCT_NAME = OsMo;
				SDKROOT = macosx;
				SWIFT_EMIT_LOC_STRINGS = YES;
				SWIFT_VERSION = 5.0;
			};
			name = Debug;
		};
		4DCCF7F327E8DE5700627B0D /* Release */ = {
			isa = XCBuildConfiguration;
			buildSettings = {
				ASSETCATALOG_COMPILER_APPICON_NAME = AppIcon;
				ASSETCATALOG_COMPILER_GLOBAL_ACCENT_COLOR_NAME = AccentColor;
				CODE_SIGN_ENTITLEMENTS = macOS/macOS.entitlements;
				CODE_SIGN_STYLE = Automatic;
				COMBINE_HIDPI_IMAGES = YES;
				CURRENT_PROJECT_VERSION = 1;
				DEVELOPMENT_TEAM = SF5DP65BZ4;
				ENABLE_HARDENED_RUNTIME = YES;
				ENABLE_PREVIEWS = YES;
				GENERATE_INFOPLIST_FILE = YES;
				INFOPLIST_KEY_LSApplicationCategoryType = "public.app-category.navigation";
				INFOPLIST_KEY_NSHumanReadableCopyright = "";
				LD_RUNPATH_SEARCH_PATHS = (
					"$(inherited)",
					"@executable_path/../Frameworks",
				);
				MACOSX_DEPLOYMENT_TARGET = 12.3;
				MARKETING_VERSION = 1.0;
				PRODUCT_BUNDLE_IDENTIFIER = alexey.sirotkin.OsMo;
				PRODUCT_NAME = OsMo;
				SDKROOT = macosx;
				SWIFT_EMIT_LOC_STRINGS = YES;
				SWIFT_VERSION = 5.0;
			};
			name = Release;
		};
		4DCCF7F527E8DE5700627B0D /* Debug */ = {
			isa = XCBuildConfiguration;
			buildSettings = {
				ALWAYS_EMBED_SWIFT_STANDARD_LIBRARIES = YES;
				CODE_SIGN_STYLE = Automatic;
				CURRENT_PROJECT_VERSION = 1;
				DEVELOPMENT_TEAM = SF5DP65BZ4;
				GENERATE_INFOPLIST_FILE = YES;
				IPHONEOS_DEPLOYMENT_TARGET = 15.4;
				MARKETING_VERSION = 1.0;
				PRODUCT_BUNDLE_IDENTIFIER = "alexey.sirotkin.Tests-iOS";
				PRODUCT_NAME = "$(TARGET_NAME)";
				SDKROOT = iphoneos;
				SWIFT_EMIT_LOC_STRINGS = NO;
				SWIFT_VERSION = 5.0;
				TARGETED_DEVICE_FAMILY = "1,2";
				TEST_TARGET_NAME = "OsMo (iOS)";
			};
			name = Debug;
		};
		4DCCF7F627E8DE5700627B0D /* Release */ = {
			isa = XCBuildConfiguration;
			buildSettings = {
				ALWAYS_EMBED_SWIFT_STANDARD_LIBRARIES = YES;
				CODE_SIGN_STYLE = Automatic;
				CURRENT_PROJECT_VERSION = 1;
				DEVELOPMENT_TEAM = SF5DP65BZ4;
				GENERATE_INFOPLIST_FILE = YES;
				IPHONEOS_DEPLOYMENT_TARGET = 15.4;
				MARKETING_VERSION = 1.0;
				PRODUCT_BUNDLE_IDENTIFIER = "alexey.sirotkin.Tests-iOS";
				PRODUCT_NAME = "$(TARGET_NAME)";
				SDKROOT = iphoneos;
				SWIFT_EMIT_LOC_STRINGS = NO;
				SWIFT_VERSION = 5.0;
				TARGETED_DEVICE_FAMILY = "1,2";
				TEST_TARGET_NAME = "OsMo (iOS)";
				VALIDATE_PRODUCT = YES;
			};
			name = Release;
		};
		4DCCF7F827E8DE5700627B0D /* Debug */ = {
			isa = XCBuildConfiguration;
			buildSettings = {
				ALWAYS_EMBED_SWIFT_STANDARD_LIBRARIES = YES;
				CODE_SIGN_STYLE = Automatic;
				CURRENT_PROJECT_VERSION = 1;
				DEVELOPMENT_TEAM = SF5DP65BZ4;
				GENERATE_INFOPLIST_FILE = YES;
				MACOSX_DEPLOYMENT_TARGET = 12.3;
				MARKETING_VERSION = 1.0;
				PRODUCT_BUNDLE_IDENTIFIER = "alexey.sirotkin.Tests-macOS";
				PRODUCT_NAME = "$(TARGET_NAME)";
				SDKROOT = macosx;
				SWIFT_EMIT_LOC_STRINGS = NO;
				SWIFT_VERSION = 5.0;
				TEST_TARGET_NAME = "OsMo (macOS)";
			};
			name = Debug;
		};
		4DCCF7F927E8DE5700627B0D /* Release */ = {
			isa = XCBuildConfiguration;
			buildSettings = {
				ALWAYS_EMBED_SWIFT_STANDARD_LIBRARIES = YES;
				CODE_SIGN_STYLE = Automatic;
				CURRENT_PROJECT_VERSION = 1;
				DEVELOPMENT_TEAM = SF5DP65BZ4;
				GENERATE_INFOPLIST_FILE = YES;
				MACOSX_DEPLOYMENT_TARGET = 12.3;
				MARKETING_VERSION = 1.0;
				PRODUCT_BUNDLE_IDENTIFIER = "alexey.sirotkin.Tests-macOS";
				PRODUCT_NAME = "$(TARGET_NAME)";
				SDKROOT = macosx;
				SWIFT_EMIT_LOC_STRINGS = NO;
				SWIFT_VERSION = 5.0;
				TEST_TARGET_NAME = "OsMo (macOS)";
			};
			name = Release;
		};
/* End XCBuildConfiguration section */

/* Begin XCConfigurationList section */
		4DCCF7BC27E8DE5300627B0D /* Build configuration list for PBXProject "OsMo" */ = {
			isa = XCConfigurationList;
			buildConfigurations = (
				4DCCF7EC27E8DE5700627B0D /* Debug */,
				4DCCF7ED27E8DE5700627B0D /* Release */,
			);
			defaultConfigurationIsVisible = 0;
			defaultConfigurationName = Release;
		};
		4DCCF7EE27E8DE5700627B0D /* Build configuration list for PBXNativeTarget "OsMo (iOS)" */ = {
			isa = XCConfigurationList;
			buildConfigurations = (
				4DCCF7EF27E8DE5700627B0D /* Debug */,
				4DCCF7F027E8DE5700627B0D /* Release */,
			);
			defaultConfigurationIsVisible = 0;
			defaultConfigurationName = Release;
		};
		4DCCF7F127E8DE5700627B0D /* Build configuration list for PBXNativeTarget "OsMo (macOS)" */ = {
			isa = XCConfigurationList;
			buildConfigurations = (
				4DCCF7F227E8DE5700627B0D /* Debug */,
				4DCCF7F327E8DE5700627B0D /* Release */,
			);
			defaultConfigurationIsVisible = 0;
			defaultConfigurationName = Release;
		};
		4DCCF7F427E8DE5700627B0D /* Build configuration list for PBXNativeTarget "Tests iOS" */ = {
			isa = XCConfigurationList;
			buildConfigurations = (
				4DCCF7F527E8DE5700627B0D /* Debug */,
				4DCCF7F627E8DE5700627B0D /* Release */,
			);
			defaultConfigurationIsVisible = 0;
			defaultConfigurationName = Release;
		};
		4DCCF7F727E8DE5700627B0D /* Build configuration list for PBXNativeTarget "Tests macOS" */ = {
			isa = XCConfigurationList;
			buildConfigurations = (
				4DCCF7F827E8DE5700627B0D /* Debug */,
				4DCCF7F927E8DE5700627B0D /* Release */,
			);
			defaultConfigurationIsVisible = 0;
			defaultConfigurationName = Release;
		};
/* End XCConfigurationList section */
	};
	rootObject = 4DCCF7B927E8DE5300627B0D /* Project object */;
}
